
Microsoft Visual Studio Solution File, Format Version 12.00
# Visual Studio Version 17
VisualStudioVersion = 17.10.35122.118
MinimumVisualStudioVersion = 10.0.40219.1
Project("{FAE04EC0-301F-11D3-BF4B-00C04F79EFBC}") = "AzureVerificationProvider", "AzureVerificationProvider\AzureVerificationProvider.csproj", "{BBE88173-4F17-40B6-80F8-B6B27E920935}"
EndProject
Global
	GlobalSection(SolutionConfigurationPlatforms) = preSolution
		Debug|Any CPU = Debug|Any CPU
		Release|Any CPU = Release|Any CPU
	EndGlobalSection
	GlobalSection(ProjectConfigurationPlatforms) = postSolution
		{BBE88173-4F17-40B6-80F8-B6B27E920935}.Debug|Any CPU.ActiveCfg = Debug|Any CPU
		{BBE88173-4F17-40B6-80F8-B6B27E920935}.Debug|Any CPU.Build.0 = Debug|Any CPU
		{BBE88173-4F17-40B6-80F8-B6B27E920935}.Release|Any CPU.ActiveCfg = Release|Any CPU
		{BBE88173-4F17-40B6-80F8-B6B27E920935}.Release|Any CPU.Build.0 = Release|Any CPU
	EndGlobalSection
	GlobalSection(SolutionProperties) = preSolution
		HideSolutionNode = FALSE
	EndGlobalSection
	GlobalSection(ExtensibilityGlobals) = postSolution
		SolutionGuid = {5ABA2B05-49F6-4BFB-8E6C-333343D98796}
	EndGlobalSection
EndGlobal
